
Microsoft Visual Studio Solution File, Format Version 12.00
# Visual Studio Version 17
VisualStudioVersion = 17.9.34723.18
MinimumVisualStudioVersion = 10.0.40219.1
Project("{FAE04EC0-301F-11D3-BF4B-00C04F79EFBC}") = "FlightBookingSystem", "FlightBookingSystem.csproj", "{873D6933-A6A1-428A-BA7F-1EB3788A6D26}"
EndProject
Global
	GlobalSection(SolutionConfigurationPlatforms) = preSolution
		Debug|Any CPU = Debug|Any CPU
		Release|Any CPU = Release|Any CPU
	EndGlobalSection
	GlobalSection(ProjectConfigurationPlatforms) = postSolution
		{873D6933-A6A1-428A-BA7F-1EB3788A6D26}.Debug|Any CPU.ActiveCfg = Debug|Any CPU
		{873D6933-A6A1-428A-BA7F-1EB3788A6D26}.Debug|Any CPU.Build.0 = Debug|Any CPU
		{873D6933-A6A1-428A-BA7F-1EB3788A6D26}.Release|Any CPU.ActiveCfg = Release|Any CPU
		{873D6933-A6A1-428A-BA7F-1EB3788A6D26}.Release|Any CPU.Build.0 = Release|Any CPU
	EndGlobalSection
	GlobalSection(SolutionProperties) = preSolution
		HideSolutionNode = FALSE
	EndGlobalSection
	GlobalSection(ExtensibilityGlobals) = postSolution
		SolutionGuid = {539E0085-964A-47F3-A904-931C1883F85E}
	EndGlobalSection
EndGlobal
